// !$*UTF8*$!
{
	archiveVersion = 1;
	classes = {
	};
	objectVersion = 55;
	objects = {

/* Begin PBXBuildFile section */
		C954B639282D322D0028D88B /* AppDelegate.swift in Sources */ = {isa = PBXBuildFile; fileRef = C954B638282D322D0028D88B /* AppDelegate.swift */; };
		C954B63B282D322D0028D88B /* SceneDelegate.swift in Sources */ = {isa = PBXBuildFile; fileRef = C954B63A282D322D0028D88B /* SceneDelegate.swift */; };
		C954B63D282D322D0028D88B /* ViewController.swift in Sources */ = {isa = PBXBuildFile; fileRef = C954B63C282D322D0028D88B /* ViewController.swift */; };
		C954B640282D322D0028D88B /* Main.storyboard in Resources */ = {isa = PBXBuildFile; fileRef = C954B63E282D322D0028D88B /* Main.storyboard */; };
		C954B642282D32350028D88B /* Assets.xcassets in Resources */ = {isa = PBXBuildFile; fileRef = C954B641282D32350028D88B /* Assets.xcassets */; };
		C954B645282D32350028D88B /* LaunchScreen.storyboard in Resources */ = {isa = PBXBuildFile; fileRef = C954B643282D32350028D88B /* LaunchScreen.storyboard */; };
		C954B652282D3DDF0028D88B /* QuestionViewController.swift in Sources */ = {isa = PBXBuildFile; fileRef = C954B651282D3DDF0028D88B /* QuestionViewController.swift */; };
		C954B654282D6C130028D88B /* FinalViewController.swift in Sources */ = {isa = PBXBuildFile; fileRef = C954B653282D6C120028D88B /* FinalViewController.swift */; };
		C954B656282DB4CE0028D88B /* Question.swift in Sources */ = {isa = PBXBuildFile; fileRef = C954B655282DB4CE0028D88B /* Question.swift */; };
		C954B658282DB4DD0028D88B /* Answer.swift in Sources */ = {isa = PBXBuildFile; fileRef = C954B657282DB4DD0028D88B /* Answer.swift */; };
/* End PBXBuildFile section */

/* Begin PBXFileReference section */
		C954B635282D322D0028D88B /* L4_AnimalQuiz.app */ = {isa = PBXFileReference; explicitFileType = wrapper.application; includeInIndex = 0; path = L4_AnimalQuiz.app; sourceTree = BUILT_PRODUCTS_DIR; };
		C954B638282D322D0028D88B /* AppDelegate.swift */ = {isa = PBXFileReference; lastKnownFileType = sourcecode.swift; path = AppDelegate.swift; sourceTree = "<group>"; };
		C954B63A282D322D0028D88B /* SceneDelegate.swift */ = {isa = PBXFileReference; lastKnownFileType = sourcecode.swift; path = SceneDelegate.swift; sourceTree = "<group>"; };
		C954B63C282D322D0028D88B /* ViewController.swift */ = {isa = PBXFileReference; lastKnownFileType = sourcecode.swift; path = ViewController.swift; sourceTree = "<group>"; };
		C954B63F282D322D0028D88B /* Base */ = {isa = PBXFileReference; lastKnownFileType = file.storyboard; name = Base; path = Base.lproj/Main.storyboard; sourceTree = "<group>"; };
		C954B641282D32350028D88B /* Assets.xcassets */ = {isa = PBXFileReference; lastKnownFileType = folder.assetcatalog; path = Assets.xcassets; sourceTree = "<group>"; };
		C954B644282D32350028D88B /* Base */ = {isa = PBXFileReference; lastKnownFileType = file.storyboard; name = Base; path = Base.lproj/LaunchScreen.storyboard; sourceTree = "<group>"; };
		C954B646282D32350028D88B /* Info.plist */ = {isa = PBXFileReference; lastKnownFileType = text.plist.xml; path = Info.plist; sourceTree = "<group>"; };
		C954B651282D3DDF0028D88B /* QuestionViewController.swift */ = {isa = PBXFileReference; lastKnownFileType = sourcecode.swift; path = QuestionViewController.swift; sourceTree = "<group>"; };
		C954B653282D6C120028D88B /* FinalViewController.swift */ = {isa = PBXFileReference; lastKnownFileType = sourcecode.swift; path = FinalViewController.swift; sourceTree = "<group>"; };
		C954B655282DB4CE0028D88B /* Question.swift */ = {isa = PBXFileReference; lastKnownFileType = sourcecode.swift; path = Question.swift; sourceTree = "<group>"; };
		C954B657282DB4DD0028D88B /* Answer.swift */ = {isa = PBXFileReference; lastKnownFileType = sourcecode.swift; path = Answer.swift; sourceTree = "<group>"; };
/* End PBXFileReference section */

/* Begin PBXFrameworksBuildPhase section */
		C954B632282D322D0028D88B /* Frameworks */ = {
			isa = PBXFrameworksBuildPhase;
			buildActionMask = 2147483647;
			files = (
			);
			runOnlyForDeploymentPostprocessing = 0;
		};
/* End PBXFrameworksBuildPhase section */

/* Begin PBXGroup section */
		C954B62C282D322D0028D88B = {
			isa = PBXGroup;
			children = (
				C954B637282D322D0028D88B /* L4_AnimalQuiz */,
				C954B636282D322D0028D88B /* Products */,
			);
			sourceTree = "<group>";
		};
		C954B636282D322D0028D88B /* Products */ = {
			isa = PBXGroup;
			children = (
				C954B635282D322D0028D88B /* L4_AnimalQuiz.app */,
			);
			name = Products;
			sourceTree = "<group>";
		};
		C954B637282D322D0028D88B /* L4_AnimalQuiz */ = {
			isa = PBXGroup;
			children = (
				C954B650282D32DC0028D88B /* Models */,
				C954B64D282D328F0028D88B /* Supporting Files */,
				C954B64E282D32B90028D88B /* View Controllers */,
				C954B64F282D32CA0028D88B /* Resources */,
				C954B64C282D32760028D88B /* Storyboards */,
			);
			path = L4_AnimalQuiz;
			sourceTree = "<group>";
		};
		C954B64C282D32760028D88B /* Storyboards */ = {
			isa = PBXGroup;
			children = (
				C954B63E282D322D0028D88B /* Main.storyboard */,
				C954B643282D32350028D88B /* LaunchScreen.storyboard */,
			);
			path = Storyboards;
			sourceTree = "<group>";
		};
		C954B64D282D328F0028D88B /* Supporting Files */ = {
			isa = PBXGroup;
			children = (
				C954B638282D322D0028D88B /* AppDelegate.swift */,
				C954B63A282D322D0028D88B /* SceneDelegate.swift */,
				C954B646282D32350028D88B /* Info.plist */,
			);
			path = "Supporting Files";
			sourceTree = "<group>";
		};
		C954B64E282D32B90028D88B /* View Controllers */ = {
			isa = PBXGroup;
			children = (
				C954B63C282D322D0028D88B /* ViewController.swift */,
				C954B651282D3DDF0028D88B /* QuestionViewController.swift */,
				C954B653282D6C120028D88B /* FinalViewController.swift */,
			);
			path = "View Controllers";
			sourceTree = "<group>";
		};
		C954B64F282D32CA0028D88B /* Resources */ = {
			isa = PBXGroup;
			children = (
				C954B641282D32350028D88B /* Assets.xcassets */,
			);
			path = Resources;
			sourceTree = "<group>";
		};
		C954B650282D32DC0028D88B /* Models */ = {
			isa = PBXGroup;
			children = (
				C954B655282DB4CE0028D88B /* Question.swift */,
				C954B657282DB4DD0028D88B /* Answer.swift */,
			);
			path = Models;
			sourceTree = "<group>";
		};
/* End PBXGroup section */

/* Begin PBXNativeTarget section */
		C954B634282D322D0028D88B /* L4_AnimalQuiz */ = {
			isa = PBXNativeTarget;
			buildConfigurationList = C954B649282D32350028D88B /* Build configuration list for PBXNativeTarget "L4_AnimalQuiz" */;
			buildPhases = (
				C954B631282D322D0028D88B /* Sources */,
				C954B632282D322D0028D88B /* Frameworks */,
				C954B633282D322D0028D88B /* Resources */,
			);
			buildRules = (
			);
			dependencies = (
			);
			name = L4_AnimalQuiz;
			productName = L4_AnimalQuiz;
			productReference = C954B635282D322D0028D88B /* L4_AnimalQuiz.app */;
			productType = "com.apple.product-type.application";
		};
/* End PBXNativeTarget section */

/* Begin PBXProject section */
		C954B62D282D322D0028D88B /* Project object */ = {
			isa = PBXProject;
			attributes = {
				BuildIndependentTargetsInParallel = 1;
				LastSwiftUpdateCheck = 1320;
				LastUpgradeCheck = 1320;
				TargetAttributes = {
					C954B634282D322D0028D88B = {
						CreatedOnToolsVersion = 13.2.1;
					};
				};
			};
			buildConfigurationList = C954B630282D322D0028D88B /* Build configuration list for PBXProject "L4_AnimalQuiz" */;
			compatibilityVersion = "Xcode 13.0";
			developmentRegion = en;
			hasScannedForEncodings = 0;
			knownRegions = (
				en,
				Base,
			);
			mainGroup = C954B62C282D322D0028D88B;
			productRefGroup = C954B636282D322D0028D88B /* Products */;
			projectDirPath = "";
			projectRoot = "";
			targets = (
				C954B634282D322D0028D88B /* L4_AnimalQuiz */,
			);
		};
/* End PBXProject section */

/* Begin PBXResourcesBuildPhase section */
		C954B633282D322D0028D88B /* Resources */ = {
			isa = PBXResourcesBuildPhase;
			buildActionMask = 2147483647;
			files = (
				C954B645282D32350028D88B /* LaunchScreen.storyboard in Resources */,
				C954B642282D32350028D88B /* Assets.xcassets in Resources */,
				C954B640282D322D0028D88B /* Main.storyboard in Resources */,
			);
			runOnlyForDeploymentPostprocessing = 0;
		};
/* End PBXResourcesBuildPhase section */

/* Begin PBXSourcesBuildPhase section */
		C954B631282D322D0028D88B /* Sources */ = {
			isa = PBXSourcesBuildPhase;
			buildActionMask = 2147483647;
			files = (
				C954B654282D6C130028D88B /* FinalViewController.swift in Sources */,
				C954B63D282D322D0028D88B /* ViewController.swift in Sources */,
				C954B639282D322D0028D88B /* AppDelegate.swift in Sources */,
				C954B658282DB4DD0028D88B /* Answer.swift in Sources */,
				C954B656282DB4CE0028D88B /* Question.swift in Sources */,
				C954B652282D3DDF0028D88B /* QuestionViewController.swift in Sources */,
				C954B63B282D322D0028D88B /* SceneDelegate.swift in Sources */,
			);
			runOnlyForDeploymentPostprocessing = 0;
		};
/* End PBXSourcesBuildPhase section */

/* Begin PBXVariantGroup section */
		C954B63E282D322D0028D88B /* Main.storyboard */ = {
			isa = PBXVariantGroup;
			children = (
				C954B63F282D322D0028D88B /* Base */,
			);
			name = Main.storyboard;
			sourceTree = "<group>";
		};
		C954B643282D32350028D88B /* LaunchScreen.storyboard */ = {
			isa = PBXVariantGroup;
			children = (
				C954B644282D32350028D88B /* Base */,
			);
			name = LaunchScreen.storyboard;
			sourceTree = "<group>";
		};
/* End PBXVariantGroup section */

/* Begin XCBuildConfiguration section */
		C954B647282D32350028D88B /* Debug */ = {
			isa = XCBuildConfiguration;
			buildSettings = {
				ALWAYS_SEARCH_USER_PATHS = NO;
				CLANG_ANALYZER_NONNULL = YES;
				CLANG_ANALYZER_NUMBER_OBJECT_CONVERSION = YES_AGGRESSIVE;
				CLANG_CXX_LANGUAGE_STANDARD = "gnu++17";
				CLANG_CXX_LIBRARY = "libc++";
				CLANG_ENABLE_MODULES = YES;
				CLANG_ENABLE_OBJC_ARC = YES;
				CLANG_ENABLE_OBJC_WEAK = YES;
				CLANG_WARN_BLOCK_CAPTURE_AUTORELEASING = YES;
				CLANG_WARN_BOOL_CONVERSION = YES;
				CLANG_WARN_COMMA = YES;
				CLANG_WARN_CONSTANT_CONVERSION = YES;
				CLANG_WARN_DEPRECATED_OBJC_IMPLEMENTATIONS = YES;
				CLANG_WARN_DIRECT_OBJC_ISA_USAGE = YES_ERROR;
				CLANG_WARN_DOCUMENTATION_COMMENTS = YES;
				CLANG_WARN_EMPTY_BODY = YES;
				CLANG_WARN_ENUM_CONVERSION = YES;
				CLANG_WARN_INFINITE_RECURSION = YES;
				CLANG_WARN_INT_CONVERSION = YES;
				CLANG_WARN_NON_LITERAL_NULL_CONVERSION = YES;
				CLANG_WARN_OBJC_IMPLICIT_RETAIN_SELF = YES;
				CLANG_WARN_OBJC_LITERAL_CONVERSION = YES;
				CLANG_WARN_OBJC_ROOT_CLASS = YES_ERROR;
				CLANG_WARN_QUOTED_INCLUDE_IN_FRAMEWORK_HEADER = YES;
				CLANG_WARN_RANGE_LOOP_ANALYSIS = YES;
				CLANG_WARN_STRICT_PROTOTYPES = YES;
				CLANG_WARN_SUSPICIOUS_MOVE = YES;
				CLANG_WARN_UNGUARDED_AVAILABILITY = YES_AGGRESSIVE;
				CLANG_WARN_UNREACHABLE_CODE = YES;
				CLANG_WARN__DUPLICATE_METHOD_MATCH = YES;
				COPY_PHASE_STRIP = NO;
				DEBUG_INFORMATION_FORMAT = dwarf;
				ENABLE_STRICT_OBJC_MSGSEND = YES;
				ENABLE_TESTABILITY = YES;
				GCC_C_LANGUAGE_STANDARD = gnu11;
				GCC_DYNAMIC_NO_PIC = NO;
				GCC_NO_COMMON_BLOCKS = YES;
				GCC_OPTIMIZATION_LEVEL = 0;
				GCC_PREPROCESSOR_DEFINITIONS = (
					"DEBUG=1",
					"$(inherited)",
				);
				GCC_WARN_64_TO_32_BIT_CONVERSION = YES;
				GCC_WARN_ABOUT_RETURN_TYPE = YES_ERROR;
				GCC_WARN_UNDECLARED_SELECTOR = YES;
				GCC_WARN_UNINITIALIZED_AUTOS = YES_AGGRESSIVE;
				GCC_WARN_UNUSED_FUNCTION = YES;
				GCC_WARN_UNUSED_VARIABLE = YES;
				IPHONEOS_DEPLOYMENT_TARGET = 15.2;
				MTL_ENABLE_DEBUG_INFO = INCLUDE_SOURCE;
				MTL_FAST_MATH = YES;
				ONLY_ACTIVE_ARCH = YES;
				SDKROOT = iphoneos;
				SWIFT_ACTIVE_COMPILATION_CONDITIONS = DEBUG;
				SWIFT_OPTIMIZATION_LEVEL = "-Onone";
			};
			name = Debug;
		};
		C954B648282D32350028D88B /* Release */ = {
			isa = XCBuildConfiguration;
			buildSettings = {
				ALWAYS_SEARCH_USER_PATHS = NO;
				CLANG_ANALYZER_NONNULL = YES;
				CLANG_ANALYZER_NUMBER_OBJECT_CONVERSION = YES_AGGRESSIVE;
				CLANG_CXX_LANGUAGE_STANDARD = "gnu++17";
				CLANG_CXX_LIBRARY = "libc++";
				CLANG_ENABLE_MODULES = YES;
				CLANG_ENABLE_OBJC_ARC = YES;
				CLANG_ENABLE_OBJC_WEAK = YES;
				CLANG_WARN_BLOCK_CAPTURE_AUTORELEASING = YES;
				CLANG_WARN_BOOL_CONVERSION = YES;
				CLANG_WARN_COMMA = YES;
				CLANG_WARN_CONSTANT_CONVERSION = YES;
				CLANG_WARN_DEPRECATED_OBJC_IMPLEMENTATIONS = YES;
				CLANG_WARN_DIRECT_OBJC_ISA_USAGE = YES_ERROR;
				CLANG_WARN_DOCUMENTATION_COMMENTS = YES;
				CLANG_WARN_EMPTY_BODY = YES;
				CLANG_WARN_ENUM_CONVERSION = YES;
				CLANG_WARN_INFINITE_RECURSION = YES;
				CLANG_WARN_INT_CONVERSION = YES;
				CLANG_WARN_NON_LITERAL_NULL_CONVERSION = YES;
				CLANG_WARN_OBJC_IMPLICIT_RETAIN_SELF = YES;
				CLANG_WARN_OBJC_LITERAL_CONVERSION = YES;
				CLANG_WARN_OBJC_ROOT_CLASS = YES_ERROR;
				CLANG_WARN_QUOTED_INCLUDE_IN_FRAMEWORK_HEADER = YES;
				CLANG_WARN_RANGE_LOOP_ANALYSIS = YES;
				CLANG_WARN_STRICT_PROTOTYPES = YES;
				CLANG_WARN_SUSPICIOUS_MOVE = YES;
				CLANG_WARN_UNGUARDED_AVAILABILITY = YES_AGGRESSIVE;
				CLANG_WARN_UNREACHABLE_CODE = YES;
				CLANG_WARN__DUPLICATE_METHOD_MATCH = YES;
				COPY_PHASE_STRIP = NO;
				DEBUG_INFORMATION_FORMAT = "dwarf-with-dsym";
				ENABLE_NS_ASSERTIONS = NO;
				ENABLE_STRICT_OBJC_MSGSEND = YES;
				GCC_C_LANGUAGE_STANDARD = gnu11;
				GCC_NO_COMMON_BLOCKS = YES;
				GCC_WARN_64_TO_32_BIT_CONVERSION = YES;
				GCC_WARN_ABOUT_RETURN_TYPE = YES_ERROR;
				GCC_WARN_UNDECLARED_SELECTOR = YES;
				GCC_WARN_UNINITIALIZED_AUTOS = YES_AGGRESSIVE;
				GCC_WARN_UNUSED_FUNCTION = YES;
				GCC_WARN_UNUSED_VARIABLE = YES;
				IPHONEOS_DEPLOYMENT_TARGET = 15.2;
				MTL_ENABLE_DEBUG_INFO = NO;
				MTL_FAST_MATH = YES;
				SDKROOT = iphoneos;
				SWIFT_COMPILATION_MODE = wholemodule;
				SWIFT_OPTIMIZATION_LEVEL = "-O";
				VALIDATE_PRODUCT = YES;
			};
			name = Release;
		};
		C954B64A282D32350028D88B /* Debug */ = {
			isa = XCBuildConfiguration;
			buildSettings = {
				ASSETCATALOG_COMPILER_APPICON_NAME = AppIcon;
				ASSETCATALOG_COMPILER_GLOBAL_ACCENT_COLOR_NAME = AccentColor;
				CODE_SIGN_STYLE = Automatic;
				CURRENT_PROJECT_VERSION = 1;
				GENERATE_INFOPLIST_FILE = YES;
				INFOPLIST_FILE = "L4_AnimalQuiz/Supporting Files/Info.plist";
				INFOPLIST_KEY_UIApplicationSupportsIndirectInputEvents = YES;
				INFOPLIST_KEY_UILaunchStoryboardName = LaunchScreen;
				INFOPLIST_KEY_UIMainStoryboardFile = Main;
				INFOPLIST_KEY_UISupportedInterfaceOrientations_iPad = "UIInterfaceOrientationPortrait UIInterfaceOrientationPortraitUpsideDown UIInterfaceOrientationLandscapeLeft UIInterfaceOrientationLandscapeRight";
				INFOPLIST_KEY_UISupportedInterfaceOrientations_iPhone = "UIInterfaceOrientationPortrait UIInterfaceOrientationLandscapeLeft UIInterfaceOrientationLandscapeRight";
				LD_RUNPATH_SEARCH_PATHS = (
					"$(inherited)",
					"@executable_path/Frameworks",
				);
				MARKETING_VERSION = 1.0;
				PRODUCT_BUNDLE_IDENTIFIER = "com.VTL.L4-AnimalQuiz";
				PRODUCT_NAME = "$(TARGET_NAME)";
				SWIFT_EMIT_LOC_STRINGS = YES;
				SWIFT_VERSION = 5.0;
				TARGETED_DEVICE_FAMILY = 1;
			};
			name = Debug;
		};
		C954B64B282D32350028D88B /* Release */ = {
			isa = XCBuildConfiguration;
			buildSettings = {
				ASSETCATALOG_COMPILER_APPICON_NAME = AppIcon;
				ASSETCATALOG_COMPILER_GLOBAL_ACCENT_COLOR_NAME = AccentColor;
				CODE_SIGN_STYLE = Automatic;
				CURRENT_PROJECT_VERSION = 1;
				GENERATE_INFOPLIST_FILE = YES;
				INFOPLIST_FILE = "L4_AnimalQuiz/Supporting Files/Info.plist";
				INFOPLIST_KEY_UIApplicationSupportsIndirectInputEvents = YES;
				INFOPLIST_KEY_UILaunchStoryboardName = LaunchScreen;
				INFOPLIST_KEY_UIMainStoryboardFile = Main;
				INFOPLIST_KEY_UISupportedInterfaceOrientations_iPad = "UIInterfaceOrientationPortrait UIInterfaceOrientationPortraitUpsideDown UIInterfaceOrientationLandscapeLeft UIInterfaceOrientationLandscapeRight";
				INFOPLIST_KEY_UISupportedInterfaceOrientations_iPhone = "UIInterfaceOrientationPortrait UIInterfaceOrientationLandscapeLeft UIInterfaceOrientationLandscapeRight";
				LD_RUNPATH_SEARCH_PATHS = (
					"$(inherited)",
					"@executable_path/Frameworks",
				);
				MARKETING_VERSION = 1.0;
				PRODUCT_BUNDLE_IDENTIFIER = "com.VTL.L4-AnimalQuiz";
				PRODUCT_NAME = "$(TARGET_NAME)";
				SWIFT_EMIT_LOC_STRINGS = YES;
				SWIFT_VERSION = 5.0;
				TARGETED_DEVICE_FAMILY = 1;
			};
			name = Release;
		};
/* End XCBuildConfiguration section */

/* Begin XCConfigurationList section */
		C954B630282D322D0028D88B /* Build configuration list for PBXProject "L4_AnimalQuiz" */ = {
			isa = XCConfigurationList;
			buildConfigurations = (
				C954B647282D32350028D88B /* Debug */,
				C954B648282D32350028D88B /* Release */,
			);
			defaultConfigurationIsVisible = 0;
			defaultConfigurationName = Release;
		};
		C954B649282D32350028D88B /* Build configuration list for PBXNativeTarget "L4_AnimalQuiz" */ = {
			isa = XCConfigurationList;
			buildConfigurations = (
				C954B64A282D32350028D88B /* Debug */,
				C954B64B282D32350028D88B /* Release */,
			);
			defaultConfigurationIsVisible = 0;
			defaultConfigurationName = Release;
		};
/* End XCConfigurationList section */
	};
	rootObject = C954B62D282D322D0028D88B /* Project object */;
}
